
Microsoft Visual Studio Solution File, Format Version 12.00
# Visual Studio Version 16
VisualStudioVersion = 16.0.30709.64
MinimumVisualStudioVersion = 10.0.40219.1
Project("{9A19103F-16F7-4668-BE54-9A1E7A4F7556}") = "Day1a", "Day1a\Day1a.csproj", "{395C8C09-AD64-4420-BEC3-FF99A5792803}"
EndProject
Project("{9A19103F-16F7-4668-BE54-9A1E7A4F7556}") = "Day2", "Day2\Day2.csproj", "{1E72F412-B714-438D-AA66-6EEF4361D3B9}"
EndProject
Project("{9A19103F-16F7-4668-BE54-9A1E7A4F7556}") = "Day3", "Day3\Day3.csproj", "{651AC308-4CBF-4EAD-BB72-D5664636239A}"
EndProject
Global
	GlobalSection(SolutionConfigurationPlatforms) = preSolution
		Debug|Any CPU = Debug|Any CPU
		Release|Any CPU = Release|Any CPU
	EndGlobalSection
	GlobalSection(ProjectConfigurationPlatforms) = postSolution
		{395C8C09-AD64-4420-BEC3-FF99A5792803}.Debug|Any CPU.ActiveCfg = Debug|Any CPU
		{395C8C09-AD64-4420-BEC3-FF99A5792803}.Debug|Any CPU.Build.0 = Debug|Any CPU
		{395C8C09-AD64-4420-BEC3-FF99A5792803}.Release|Any CPU.ActiveCfg = Release|Any CPU
		{395C8C09-AD64-4420-BEC3-FF99A5792803}.Release|Any CPU.Build.0 = Release|Any CPU
		{1E72F412-B714-438D-AA66-6EEF4361D3B9}.Debug|Any CPU.ActiveCfg = Debug|Any CPU
		{1E72F412-B714-438D-AA66-6EEF4361D3B9}.Debug|Any CPU.Build.0 = Debug|Any CPU
		{1E72F412-B714-438D-AA66-6EEF4361D3B9}.Release|Any CPU.ActiveCfg = Release|Any CPU
		{1E72F412-B714-438D-AA66-6EEF4361D3B9}.Release|Any CPU.Build.0 = Release|Any CPU
		{651AC308-4CBF-4EAD-BB72-D5664636239A}.Debug|Any CPU.ActiveCfg = Debug|Any CPU
		{651AC308-4CBF-4EAD-BB72-D5664636239A}.Debug|Any CPU.Build.0 = Debug|Any CPU
		{651AC308-4CBF-4EAD-BB72-D5664636239A}.Release|Any CPU.ActiveCfg = Release|Any CPU
		{651AC308-4CBF-4EAD-BB72-D5664636239A}.Release|Any CPU.Build.0 = Release|Any CPU
	EndGlobalSection
	GlobalSection(SolutionProperties) = preSolution
		HideSolutionNode = FALSE
	EndGlobalSection
	GlobalSection(ExtensibilityGlobals) = postSolution
		SolutionGuid = {44BA0323-2EE8-4443-B2FF-ADB4A4BE44E6}
	EndGlobalSection
EndGlobal
